
Microsoft Visual Studio Solution File, Format Version 12.00
# Visual Studio Version 17
VisualStudioVersion = 17.3.32825.248
MinimumVisualStudioVersion = 10.0.40219.1
Project("{FAE04EC0-301F-11D3-BF4B-00C04F79EFBC}") = "SWT2_Test", "SWT2_Test\SWT2_Test.csproj", "{708336A6-3795-4B44-B867-DD948B1DFC63}"
EndProject
Global
	GlobalSection(SolutionConfigurationPlatforms) = preSolution
		Debug|Any CPU = Debug|Any CPU
		Release|Any CPU = Release|Any CPU
	EndGlobalSection
	GlobalSection(ProjectConfigurationPlatforms) = postSolution
		{708336A6-3795-4B44-B867-DD948B1DFC63}.Debug|Any CPU.ActiveCfg = Debug|Any CPU
		{708336A6-3795-4B44-B867-DD948B1DFC63}.Debug|Any CPU.Build.0 = Debug|Any CPU
		{708336A6-3795-4B44-B867-DD948B1DFC63}.Release|Any CPU.ActiveCfg = Release|Any CPU
		{708336A6-3795-4B44-B867-DD948B1DFC63}.Release|Any CPU.Build.0 = Release|Any CPU
	EndGlobalSection
	GlobalSection(SolutionProperties) = preSolution
		HideSolutionNode = FALSE
	EndGlobalSection
	GlobalSection(ExtensibilityGlobals) = postSolution
		SolutionGuid = {62F1492D-B1CF-43B0-A0E0-19B0A19A5602}
	EndGlobalSection
EndGlobal
